
Microsoft Visual Studio Solution File, Format Version 12.00
# Visual Studio 2013
VisualStudioVersion = 12.0.21005.1
MinimumVisualStudioVersion = 10.0.40219.1
Project("{6989167D-11E4-40FE-8C1A-2192A86A7E90}") = "RotorAS-2D", "RotorAS-2D\RotorAS-2D.vfproj", "{AF6B7EEC-354B-4384-8E1D-8A60CEAA5BA3}"
EndProject
Global
	GlobalSection(SolutionConfigurationPlatforms) = preSolution
		Debug|Win32 = Debug|Win32
		Release|Win32 = Release|Win32
	EndGlobalSection
	GlobalSection(ProjectConfigurationPlatforms) = postSolution
		{AF6B7EEC-354B-4384-8E1D-8A60CEAA5BA3}.Debug|Win32.ActiveCfg = Debug|Win32
		{AF6B7EEC-354B-4384-8E1D-8A60CEAA5BA3}.Debug|Win32.Build.0 = Debug|Win32
		{AF6B7EEC-354B-4384-8E1D-8A60CEAA5BA3}.Release|Win32.ActiveCfg = Release|Win32
		{AF6B7EEC-354B-4384-8E1D-8A60CEAA5BA3}.Release|Win32.Build.0 = Release|Win32
	EndGlobalSection
	GlobalSection(SolutionProperties) = preSolution
		HideSolutionNode = FALSE
	EndGlobalSection
EndGlobal
